# THIS IS AN AUTOGENERATED FILE. DO NOT EDIT THIS FILE DIRECTLY.
# yarn lockfile v1


"@csstools/convert-colors@^1.4.0":
  version "1.4.0"
  resolved "https://registry.yarnpkg.com/@csstools/convert-colors/-/convert-colors-1.4.0.tgz#ad495dc41b12e75d588c6db8b9834f08fa131eb7"

ansi-styles@^3.2.1:
  version "3.2.1"
  resolved "https://registry.yarnpkg.com/ansi-styles/-/ansi-styles-3.2.1.tgz#41fbb20243e50b12be0f04b8dedbf07520ce841d"
  dependencies:
    color-convert "^1.9.0"

autoprefixer@^9.4.9:
  version "9.5.1"
  resolved "https://registry.yarnpkg.com/autoprefixer/-/autoprefixer-9.5.1.tgz#243b1267b67e7e947f28919d786b50d3bb0fb357"
  dependencies:
    browserslist "^4.5.4"
    caniuse-lite "^1.0.30000957"
    normalize-range "^0.1.2"
    num2fraction "^1.2.2"
    postcss "^7.0.14"
    postcss-value-parser "^3.3.1"

balanced-match@^1.0.0:
  version "1.0.0"
  resolved "https://registry.yarnpkg.com/balanced-match/-/balanced-match-1.0.0.tgz#89b4d199ab2bee49de164ea02b89ce462d71b767"

browserslist@^4.3.7:
  version "4.5.6"
  resolved "https://registry.yarnpkg.com/browserslist/-/browserslist-4.5.6.tgz#ea42e8581ca2513fa7f371d4dd66da763938163d"
  dependencies:
    caniuse-lite "^1.0.30000963"
    electron-to-chromium "^1.3.127"
    node-releases "^1.1.17"

browserslist@^4.4.2, browserslist@^4.5.4:
  version "4.5.5"
  resolved "https://registry.yarnpkg.com/browserslist/-/browserslist-4.5.5.tgz#fe1a352330d2490d5735574c149a85bc18ef9b82"
  dependencies:
    caniuse-lite "^1.0.30000960"
    electron-to-chromium "^1.3.124"
    node-releases "^1.1.14"

caniuse-lite@^1.0.30000939, caniuse-lite@^1.0.30000957, caniuse-lite@^1.0.30000960:
  version "1.0.30000963"
  resolved "https://registry.yarnpkg.com/caniuse-lite/-/caniuse-lite-1.0.30000963.tgz#5be481d5292f22aff5ee0db4a6c049b65b5798b1"

caniuse-lite@^1.0.30000963, caniuse-lite@latest:
  version "1.0.30000967"
  resolved "https://registry.yarnpkg.com/caniuse-lite/-/caniuse-lite-1.0.30000967.tgz#a5039577806fccee80a04aaafb2c0890b1ee2f73"

chalk@^2.4.2:
  version "2.4.2"
  resolved "https://registry.yarnpkg.com/chalk/-/chalk-2.4.2.tgz#cd42541677a54333cf541a49108c1432b44c9424"
  dependencies:
    ansi-styles "^3.2.1"
    escape-string-regexp "^1.0.5"
    supports-color "^5.3.0"

color-convert@^1.9.0:
  version "1.9.3"
  resolved "https://registry.yarnpkg.com/color-convert/-/color-convert-1.9.3.tgz#bb71850690e1f136567de629d2d5471deda4c1e8"
  dependencies:
    color-name "1.1.3"

color-name@1.1.3:
  version "1.1.3"
  resolved "https://registry.yarnpkg.com/color-name/-/color-name-1.1.3.tgz#a7d0558bd89c42f795dd42328f740831ca53bc25"

css-blank-pseudo@^0.1.4:
  version "0.1.4"
  resolved "https://registry.yarnpkg.com/css-blank-pseudo/-/css-blank-pseudo-0.1.4.tgz#dfdefd3254bf8a82027993674ccf35483bfcb3c5"
  dependencies:
    postcss "^7.0.5"

css-has-pseudo@^0.10.0:
  version "0.10.0"
  resolved "https://registry.yarnpkg.com/css-has-pseudo/-/css-has-pseudo-0.10.0.tgz#3c642ab34ca242c59c41a125df9105841f6966ee"
  dependencies:
    postcss "^7.0.6"
    postcss-selector-parser "^5.0.0-rc.4"

css-prefers-color-scheme@^3.1.1:
  version "3.1.1"
  resolved "https://registry.yarnpkg.com/css-prefers-color-scheme/-/css-prefers-color-scheme-3.1.1.tgz#6f830a2714199d4f0d0d0bb8a27916ed65cff1f4"
  dependencies:
    postcss "^7.0.5"

css-unit-converter@^1.1.1:
  version "1.1.1"
  resolved "https://registry.yarnpkg.com/css-unit-converter/-/css-unit-converter-1.1.1.tgz#d9b9281adcfd8ced935bdbaba83786897f64e996"

cssdb@^4.3.0:
  version "4.4.0"
  resolved "https://registry.yarnpkg.com/cssdb/-/cssdb-4.4.0.tgz#3bf2f2a68c10f5c6a08abd92378331ee803cddb0"

cssesc@^2.0.0:
  version "2.0.0"
  resolved "https://registry.yarnpkg.com/cssesc/-/cssesc-2.0.0.tgz#3b13bd1bb1cb36e1bcb5a4dcd27f54c5dcb35703"

electron-to-chromium@^1.3.124:
  version "1.3.127"
  resolved "https://registry.yarnpkg.com/electron-to-chromium/-/electron-to-chromium-1.3.127.tgz#9b34d3d63ee0f3747967205b953b25fe7feb0e10"

electron-to-chromium@^1.3.127:
  version "1.3.133"
  resolved "https://registry.yarnpkg.com/electron-to-chromium/-/electron-to-chromium-1.3.133.tgz#c47639c19b91feee3e22fad69f5556142007008c"

escape-string-regexp@^1.0.5:
  version "1.0.5"
  resolved "https://registry.yarnpkg.com/escape-string-regexp/-/escape-string-regexp-1.0.5.tgz#1b61c0562190a8dff6ae3bb2cf0200ca130b86d4"

flatten@^1.0.2:
  version "1.0.2"
  resolved "https://registry.yarnpkg.com/flatten/-/flatten-1.0.2.tgz#dae46a9d78fbe25292258cc1e780a41d95c03782"

has-flag@^3.0.0:
  version "3.0.0"
  resolved "https://registry.yarnpkg.com/has-flag/-/has-flag-3.0.0.tgz#b5d454dc2199ae225699f3467e5a07f3b955bafd"

indexes-of@^1.0.1:
  version "1.0.1"
  resolved "https://registry.yarnpkg.com/indexes-of/-/indexes-of-1.0.1.tgz#f30f716c8e2bd346c7b67d3df3915566a7c05607"

lodash._reinterpolate@~3.0.0:
  version "3.0.0"
  resolved "https://registry.yarnpkg.com/lodash._reinterpolate/-/lodash._reinterpolate-3.0.0.tgz#0ccf2d89166af03b3663c796538b75ac6e114d9d"

lodash.template@^4.2.4:
  version "4.4.0"
  resolved "https://registry.yarnpkg.com/lodash.template/-/lodash.template-4.4.0.tgz#e73a0385c8355591746e020b99679c690e68fba0"
  dependencies:
    lodash._reinterpolate "~3.0.0"
    lodash.templatesettings "^4.0.0"

lodash.templatesettings@^4.0.0:
  version "4.1.0"
  resolved "https://registry.yarnpkg.com/lodash.templatesettings/-/lodash.templatesettings-4.1.0.tgz#2b4d4e95ba440d915ff08bc899e4553666713316"
  dependencies:
    lodash._reinterpolate "~3.0.0"

node-releases@^1.1.14:
  version "1.1.17"
  resolved "https://registry.yarnpkg.com/node-releases/-/node-releases-1.1.17.tgz#71ea4631f0a97d5cd4f65f7d04ecf9072eac711a"
  dependencies:
    semver "^5.3.0"

node-releases@^1.1.17:
  version "1.1.18"
  resolved "https://registry.yarnpkg.com/node-releases/-/node-releases-1.1.18.tgz#cc98fd75598a324a77188ebddf6650e9cbd8b1d5"
  dependencies:
    semver "^5.3.0"

normalize-range@^0.1.2:
  version "0.1.2"
  resolved "https://registry.yarnpkg.com/normalize-range/-/normalize-range-0.1.2.tgz#2d10c06bdfd312ea9777695a4d28439456b75942"

num2fraction@^1.2.2:
  version "1.2.2"
  resolved "https://registry.yarnpkg.com/num2fraction/-/num2fraction-1.2.2.tgz#6f682b6a027a4e9ddfa4564cd2589d1d4e669ede"

postcss-attribute-case-insensitive@^4.0.1:
  version "4.0.1"
  resolved "https://registry.yarnpkg.com/postcss-attribute-case-insensitive/-/postcss-attribute-case-insensitive-4.0.1.tgz#b2a721a0d279c2f9103a36331c88981526428cc7"
  dependencies:
    postcss "^7.0.2"
    postcss-selector-parser "^5.0.0"

postcss-color-functional-notation@^2.0.1:
  version "2.0.1"
  resolved "https://registry.yarnpkg.com/postcss-color-functional-notation/-/postcss-color-functional-notation-2.0.1.tgz#5efd37a88fbabeb00a2966d1e53d98ced93f74e0"
  dependencies:
    postcss "^7.0.2"
    postcss-values-parser "^2.0.0"

postcss-color-gray@^5.0.0:
  version "5.0.0"
  resolved "https://registry.yarnpkg.com/postcss-color-gray/-/postcss-color-gray-5.0.0.tgz#532a31eb909f8da898ceffe296fdc1f864be8547"
  dependencies:
    "@csstools/convert-colors" "^1.4.0"
    postcss "^7.0.5"
    postcss-values-parser "^2.0.0"

postcss-color-hex-alpha@^5.0.2:
  version "5.0.3"
  resolved "https://registry.yarnpkg.com/postcss-color-hex-alpha/-/postcss-color-hex-alpha-5.0.3.tgz#a8d9ca4c39d497c9661e374b9c51899ef0f87388"
  dependencies:
    postcss "^7.0.14"
    postcss-values-parser "^2.0.1"

postcss-color-mod-function@^3.0.3:
  version "3.0.3"
  resolved "https://registry.yarnpkg.com/postcss-color-mod-function/-/postcss-color-mod-function-3.0.3.tgz#816ba145ac11cc3cb6baa905a75a49f903e4d31d"
  dependencies:
    "@csstools/convert-colors" "^1.4.0"
    postcss "^7.0.2"
    postcss-values-parser "^2.0.0"

postcss-color-rebeccapurple@^4.0.1:
  version "4.0.1"
  resolved "https://registry.yarnpkg.com/postcss-color-rebeccapurple/-/postcss-color-rebeccapurple-4.0.1.tgz#c7a89be872bb74e45b1e3022bfe5748823e6de77"
  dependencies:
    postcss "^7.0.2"
    postcss-values-parser "^2.0.0"

postcss-custom-media@^7.0.7:
  version "7.0.8"
  resolved "https://registry.yarnpkg.com/postcss-custom-media/-/postcss-custom-media-7.0.8.tgz#fffd13ffeffad73621be5f387076a28b00294e0c"
  dependencies:
    postcss "^7.0.14"

postcss-custom-properties@^8.0.9:
  version "8.0.10"
  resolved "https://registry.yarnpkg.com/postcss-custom-properties/-/postcss-custom-properties-8.0.10.tgz#e8dc969e1e15c555f0b836b7f278ef47e3cdeaff"
  dependencies:
    postcss "^7.0.14"
    postcss-values-parser "^2.0.1"

postcss-custom-selectors@^5.1.2:
  version "5.1.2"
  resolved "https://registry.yarnpkg.com/postcss-custom-selectors/-/postcss-custom-selectors-5.1.2.tgz#64858c6eb2ecff2fb41d0b28c9dd7b3db4de7fba"
  dependencies:
    postcss "^7.0.2"
    postcss-selector-parser "^5.0.0-rc.3"

postcss-dir-pseudo-class@^5.0.0:
  version "5.0.0"
  resolved "https://registry.yarnpkg.com/postcss-dir-pseudo-class/-/postcss-dir-pseudo-class-5.0.0.tgz#6e3a4177d0edb3abcc85fdb6fbb1c26dabaeaba2"
  dependencies:
    postcss "^7.0.2"
    postcss-selector-parser "^5.0.0-rc.3"

postcss-double-position-gradients@^1.0.0:
  version "1.0.0"
  resolved "https://registry.yarnpkg.com/postcss-double-position-gradients/-/postcss-double-position-gradients-1.0.0.tgz#fc927d52fddc896cb3a2812ebc5df147e110522e"
  dependencies:
    postcss "^7.0.5"
    postcss-values-parser "^2.0.0"

postcss-env-function@^2.0.2:
  version "2.0.2"
  resolved "https://registry.yarnpkg.com/postcss-env-function/-/postcss-env-function-2.0.2.tgz#0f3e3d3c57f094a92c2baf4b6241f0b0da5365d7"
  dependencies:
    postcss "^7.0.2"
    postcss-values-parser "^2.0.0"

postcss-focus-visible@^4.0.0:
  version "4.0.0"
  resolved "https://registry.yarnpkg.com/postcss-focus-visible/-/postcss-focus-visible-4.0.0.tgz#477d107113ade6024b14128317ade2bd1e17046e"
  dependencies:
    postcss "^7.0.2"

postcss-focus-within@^3.0.0:
  version "3.0.0"
  resolved "https://registry.yarnpkg.com/postcss-focus-within/-/postcss-focus-within-3.0.0.tgz#763b8788596cee9b874c999201cdde80659ef680"
  dependencies:
    postcss "^7.0.2"

postcss-font-variant@^4.0.0:
  version "4.0.0"
  resolved "https://registry.yarnpkg.com/postcss-font-variant/-/postcss-font-variant-4.0.0.tgz#71dd3c6c10a0d846c5eda07803439617bbbabacc"
  dependencies:
    postcss "^7.0.2"

postcss-gap-properties@^2.0.0:
  version "2.0.0"
  resolved "https://registry.yarnpkg.com/postcss-gap-properties/-/postcss-gap-properties-2.0.0.tgz#431c192ab3ed96a3c3d09f2ff615960f902c1715"
  dependencies:
    postcss "^7.0.2"

postcss-grid-kiss@^2.1.2:
  version "2.1.2"
  resolved "https://registry.yarnpkg.com/postcss-grid-kiss/-/postcss-grid-kiss-2.1.2.tgz#ce79b8474db649e02ad1b74b2dae045956e2e201"
  dependencies:
    browserslist "^4.3.7"
    caniuse-lite latest
    postcss "^7.0.8"
    postcss-merge-grid-template "^0.7.0"
    reduce-css-calc "^2.1.6"

postcss-image-set-function@^3.0.1:
  version "3.0.1"
  resolved "https://registry.yarnpkg.com/postcss-image-set-function/-/postcss-image-set-function-3.0.1.tgz#28920a2f29945bed4c3198d7df6496d410d3f288"
  dependencies:
    postcss "^7.0.2"
    postcss-values-parser "^2.0.0"

postcss-initial@^3.0.0:
  version "3.0.0"
  resolved "https://registry.yarnpkg.com/postcss-initial/-/postcss-initial-3.0.0.tgz#1772512faf11421b791fb2ca6879df5f68aa0517"
  dependencies:
    lodash.template "^4.2.4"
    postcss "^7.0.2"

postcss-lab-function@^2.0.1:
  version "2.0.1"
  resolved "https://registry.yarnpkg.com/postcss-lab-function/-/postcss-lab-function-2.0.1.tgz#bb51a6856cd12289ab4ae20db1e3821ef13d7d2e"
  dependencies:
    "@csstools/convert-colors" "^1.4.0"
    postcss "^7.0.2"
    postcss-values-parser "^2.0.0"

postcss-logical@^3.0.0:
  version "3.0.0"
  resolved "https://registry.yarnpkg.com/postcss-logical/-/postcss-logical-3.0.0.tgz#2495d0f8b82e9f262725f75f9401b34e7b45d5b5"
  dependencies:
    postcss "^7.0.2"

postcss-media-minmax@^4.0.0:
  version "4.0.0"
  resolved "https://registry.yarnpkg.com/postcss-media-minmax/-/postcss-media-minmax-4.0.0.tgz#b75bb6cbc217c8ac49433e12f22048814a4f5ed5"
  dependencies:
    postcss "^7.0.2"

postcss-merge-grid-template@^0.7.0:
  version "0.7.0"
  resolved "https://registry.yarnpkg.com/postcss-merge-grid-template/-/postcss-merge-grid-template-0.7.0.tgz#6f4479fe8160f800253aacd74cad8c699a2961bf"
  dependencies:
    postcss "^7.0.2"

postcss-nesting@^7.0.0:
  version "7.0.0"
  resolved "https://registry.yarnpkg.com/postcss-nesting/-/postcss-nesting-7.0.0.tgz#6e26a770a0c8fcba33782a6b6f350845e1a448f6"
  dependencies:
    postcss "^7.0.2"

postcss-overflow-shorthand@^2.0.0:
  version "2.0.0"
  resolved "https://registry.yarnpkg.com/postcss-overflow-shorthand/-/postcss-overflow-shorthand-2.0.0.tgz#31ecf350e9c6f6ddc250a78f0c3e111f32dd4c30"
  dependencies:
    postcss "^7.0.2"

postcss-page-break@^2.0.0:
  version "2.0.0"
  resolved "https://registry.yarnpkg.com/postcss-page-break/-/postcss-page-break-2.0.0.tgz#add52d0e0a528cabe6afee8b46e2abb277df46bf"
  dependencies:
    postcss "^7.0.2"

postcss-place@^4.0.1:
  version "4.0.1"
  resolved "https://registry.yarnpkg.com/postcss-place/-/postcss-place-4.0.1.tgz#e9f39d33d2dc584e46ee1db45adb77ca9d1dcc62"
  dependencies:
    postcss "^7.0.2"
    postcss-values-parser "^2.0.0"

postcss-preset-env@^6.6.0:
  version "6.6.0"
  resolved "https://registry.yarnpkg.com/postcss-preset-env/-/postcss-preset-env-6.6.0.tgz#642e7d962e2bdc2e355db117c1eb63952690ed5b"
  dependencies:
    autoprefixer "^9.4.9"
    browserslist "^4.4.2"
    caniuse-lite "^1.0.30000939"
    css-blank-pseudo "^0.1.4"
    css-has-pseudo "^0.10.0"
    css-prefers-color-scheme "^3.1.1"
    cssdb "^4.3.0"
    postcss "^7.0.14"
    postcss-attribute-case-insensitive "^4.0.1"
    postcss-color-functional-notation "^2.0.1"
    postcss-color-gray "^5.0.0"
    postcss-color-hex-alpha "^5.0.2"
    postcss-color-mod-function "^3.0.3"
    postcss-color-rebeccapurple "^4.0.1"
    postcss-custom-media "^7.0.7"
    postcss-custom-properties "^8.0.9"
    postcss-custom-selectors "^5.1.2"
    postcss-dir-pseudo-class "^5.0.0"
    postcss-double-position-gradients "^1.0.0"
    postcss-env-function "^2.0.2"
    postcss-focus-visible "^4.0.0"
    postcss-focus-within "^3.0.0"
    postcss-font-variant "^4.0.0"
    postcss-gap-properties "^2.0.0"
    postcss-image-set-function "^3.0.1"
    postcss-initial "^3.0.0"
    postcss-lab-function "^2.0.1"
    postcss-logical "^3.0.0"
    postcss-media-minmax "^4.0.0"
    postcss-nesting "^7.0.0"
    postcss-overflow-shorthand "^2.0.0"
    postcss-page-break "^2.0.0"
    postcss-place "^4.0.1"
    postcss-pseudo-class-any-link "^6.0.0"
    postcss-replace-overflow-wrap "^3.0.0"
    postcss-selector-matches "^4.0.0"
    postcss-selector-not "^4.0.0"

postcss-pseudo-class-any-link@^6.0.0:
  version "6.0.0"
  resolved "https://registry.yarnpkg.com/postcss-pseudo-class-any-link/-/postcss-pseudo-class-any-link-6.0.0.tgz#2ed3eed393b3702879dec4a87032b210daeb04d1"
  dependencies:
    postcss "^7.0.2"
    postcss-selector-parser "^5.0.0-rc.3"

postcss-replace-overflow-wrap@^3.0.0:
  version "3.0.0"
  resolved "https://registry.yarnpkg.com/postcss-replace-overflow-wrap/-/postcss-replace-overflow-wrap-3.0.0.tgz#61b360ffdaedca84c7c918d2b0f0d0ea559ab01c"
  dependencies:
    postcss "^7.0.2"

postcss-selector-matches@^4.0.0:
  version "4.0.0"
  resolved "https://registry.yarnpkg.com/postcss-selector-matches/-/postcss-selector-matches-4.0.0.tgz#71c8248f917ba2cc93037c9637ee09c64436fcff"
  dependencies:
    balanced-match "^1.0.0"
    postcss "^7.0.2"

postcss-selector-not@^4.0.0:
  version "4.0.0"
  resolved "https://registry.yarnpkg.com/postcss-selector-not/-/postcss-selector-not-4.0.0.tgz#c68ff7ba96527499e832724a2674d65603b645c0"
  dependencies:
    balanced-match "^1.0.0"
    postcss "^7.0.2"

postcss-selector-parser@^5.0.0, postcss-selector-parser@^5.0.0-rc.3, postcss-selector-parser@^5.0.0-rc.4:
  version "5.0.0"
  resolved "https://registry.yarnpkg.com/postcss-selector-parser/-/postcss-selector-parser-5.0.0.tgz#249044356697b33b64f1a8f7c80922dddee7195c"
  dependencies:
    cssesc "^2.0.0"
    indexes-of "^1.0.1"
    uniq "^1.0.1"

postcss-value-parser@^3.3.0, postcss-value-parser@^3.3.1:
  version "3.3.1"
  resolved "https://registry.yarnpkg.com/postcss-value-parser/-/postcss-value-parser-3.3.1.tgz#9ff822547e2893213cf1c30efa51ac5fd1ba8281"

postcss-values-parser@^2.0.0, postcss-values-parser@^2.0.1:
  version "2.0.1"
  resolved "https://registry.yarnpkg.com/postcss-values-parser/-/postcss-values-parser-2.0.1.tgz#da8b472d901da1e205b47bdc98637b9e9e550e5f"
  dependencies:
    flatten "^1.0.2"
    indexes-of "^1.0.1"
    uniq "^1.0.1"

postcss@^7.0.14, postcss@^7.0.2, postcss@^7.0.5, postcss@^7.0.6:
  version "7.0.14"
  resolved "https://registry.yarnpkg.com/postcss/-/postcss-7.0.14.tgz#4527ed6b1ca0d82c53ce5ec1a2041c2346bbd6e5"
  dependencies:
    chalk "^2.4.2"
    source-map "^0.6.1"
    supports-color "^6.1.0"

postcss@^7.0.8:
  version "7.0.16"
  resolved "https://registry.yarnpkg.com/postcss/-/postcss-7.0.16.tgz#48f64f1b4b558cb8b52c88987724359acb010da2"
  dependencies:
    chalk "^2.4.2"
    source-map "^0.6.1"
    supports-color "^6.1.0"

reduce-css-calc@^2.1.6:
  version "2.1.6"
  resolved "https://registry.yarnpkg.com/reduce-css-calc/-/reduce-css-calc-2.1.6.tgz#050fe6ee7d98a1d70775d2e93ce0b713cee394d2"
  dependencies:
    css-unit-converter "^1.1.1"
    postcss-value-parser "^3.3.0"

semver@^5.3.0:
  version "5.7.0"
  resolved "https://registry.yarnpkg.com/semver/-/semver-5.7.0.tgz#790a7cf6fea5459bac96110b29b60412dc8ff96b"

source-map@^0.6.1:
  version "0.6.1"
  resolved "https://registry.yarnpkg.com/source-map/-/source-map-0.6.1.tgz#74722af32e9614e9c287a8d0bbde48b5e2f1a263"

supports-color@^5.3.0:
  version "5.5.0"
  resolved "https://registry.yarnpkg.com/supports-color/-/supports-color-5.5.0.tgz#e2e69a44ac8772f78a1ec0b35b689df6530efc8f"
  dependencies:
    has-flag "^3.0.0"

supports-color@^6.1.0:
  version "6.1.0"
  resolved "https://registry.yarnpkg.com/supports-color/-/supports-color-6.1.0.tgz#0764abc69c63d5ac842dd4867e8d025e880df8f3"
  dependencies:
    has-flag "^3.0.0"

uniq@^1.0.1:
  version "1.0.1"
  resolved "https://registry.yarnpkg.com/uniq/-/uniq-1.0.1.tgz#b31c5ae8254844a3a8281541ce2b04b865a734ff"
